{
  "version": 4,
  "terraform_version": "1.4.6",
  "serial": 14,
  "lineage": "a9d83e4e-5b49-9e48-e16e-c8c6a984b657",
  "outputs": {
    "client_certificate": {
      "value": null,
      "type": "string",
      "sensitive": true
    },
    "client_key": {
      "value": null,
      "type": "string",
      "sensitive": true
    },
    "cluster_ca_certificate": {
      "value": null,
      "type": "string",
      "sensitive": true
    },
    "cluster_password": {
      "value": null,
      "type": "string",
      "sensitive": true
    },
    "cluster_username": {
      "value": null,
      "type": "string",
      "sensitive": true
    },
    "host": {
      "value": null,
      "type": "string",
      "sensitive": true
    },
    "key_data": {
      "value": "{}",
      "type": "string",
      "sensitive": true
    },
    "kube_config": {
      "value": null,
      "type": "string",
      "sensitive": true
    },
    "kubernetes_cluster_name": {
      "value": "tdupoiron-cluster",
      "type": "string"
    },
    "resource_group_name": {
      "value": "tdupoiron",
      "type": "string"
    }
  },
  "resources": [
    {
      "mode": "managed",
      "type": "azapi_resource",
      "name": "ssh_public_key",
      "provider": "provider[\"registry.terraform.io/azure/azapi\"]",
      "instances": []
    },
    {
      "mode": "managed",
      "type": "azapi_resource_action",
      "name": "ssh_public_key_gen",
      "provider": "provider[\"registry.terraform.io/azure/azapi\"]",
      "instances": []
    },
    {
      "mode": "managed",
      "type": "azurerm_kubernetes_cluster",
      "name": "k8s",
      "provider": "provider[\"registry.terraform.io/hashicorp/azurerm\"]",
      "instances": []
    },
    {
      "mode": "managed",
      "type": "azurerm_resource_group",
      "name": "rg",
      "provider": "provider[\"registry.terraform.io/hashicorp/azurerm\"]",
      "instances": [
        {
          "schema_version": 0,
          "attributes": {
            "id": "/subscriptions/fba177ac-fedf-4331-a9ac-c9b554d720cb/resourceGroups/tdupoiron",
            "location": "francecentral",
            "name": "tdupoiron",
            "tags": {
              "handle": "tdupoiron"
            },
            "timeouts": null
          },
          "sensitive_attributes": [],
          "private": "eyJlMmJmYjczMC1lY2FhLTExZTYtOGY4OC0zNDM2M2JjN2M0YzAiOnsiY3JlYXRlIjo1NDAwMDAwMDAwMDAwLCJkZWxldGUiOjU0MDAwMDAwMDAwMDAsInJlYWQiOjMwMDAwMDAwMDAwMCwidXBkYXRlIjo1NDAwMDAwMDAwMDAwfSwic2NoZW1hX3ZlcnNpb24iOiIwIn0="
        }
      ]
    },
    {
      "mode": "managed",
      "type": "random_pet",
      "name": "ssh_key_name",
      "provider": "provider[\"registry.terraform.io/hashicorp/random\"]",
      "instances": [
        {
          "schema_version": 0,
          "attributes": {
            "id": "sshgenuinebison",
            "keepers": null,
            "length": 2,
            "prefix": "ssh",
            "separator": ""
          },
          "sensitive_attributes": []
        }
      ]
    }
  ],
  "check_results": null
}
