{
  "version": 4,
  "terraform_version": "1.4.6",
  "serial": 83,
  "lineage": "a9d83e4e-5b49-9e48-e16e-c8c6a984b657",
  "outputs": {
    "resource_group_name": {
      "value": "tdupoiron-rg",
      "type": "string"
    }
  },
  "resources": [
    {
      "mode": "managed",
      "type": "azurerm_linux_web_app",
      "name": "example",
      "provider": "provider[\"registry.terraform.io/hashicorp/azurerm\"]",
      "instances": [
        {
          "schema_version": 0,
          "attributes": {
            "app_settings": null,
            "auth_settings": [],
            "auth_settings_v2": [],
            "backup": [],
            "client_affinity_enabled": false,
            "client_certificate_enabled": false,
            "client_certificate_exclusion_paths": "",
            "client_certificate_mode": "Required",
            "connection_string": [],
            "custom_domain_verification_id": "3A84394FD2A92B91073CCA2E760165C4DE8ECBA4A0AED04D999707681B3188A4",
            "default_hostname": "tdupoiron-nexus.azurewebsites.net",
            "enabled": true,
            "hosting_environment_id": "",
            "https_only": false,
            "id": "/subscriptions/fba177ac-fedf-4331-a9ac-c9b554d720cb/resourceGroups/tdupoiron-rg/providers/Microsoft.Web/sites/tdupoiron-nexus",
            "identity": [],
            "key_vault_reference_identity_id": "SystemAssigned",
            "kind": "app,linux,container",
            "location": "francecentral",
            "logs": [],
            "name": "tdupoiron-nexus",
            "outbound_ip_address_list": [
              "20.19.106.11",
              "20.19.106.85",
              "20.19.106.95",
              "20.19.106.96",
              "20.19.106.101",
              "20.19.106.103",
              "20.111.1.12"
            ],
            "outbound_ip_addresses": "20.19.106.11,20.19.106.85,20.19.106.95,20.19.106.96,20.19.106.101,20.19.106.103,20.111.1.12",
            "possible_outbound_ip_address_list": [
              "20.19.104.108",
              "20.19.104.246",
              "20.19.105.79",
              "20.19.105.111",
              "20.19.105.235",
              "20.19.106.1",
              "20.19.106.11",
              "20.19.106.85",
              "20.19.106.95",
              "20.19.106.96",
              "20.19.106.101",
              "20.19.106.103",
              "20.19.106.106",
              "20.19.106.108",
              "20.19.106.120",
              "20.74.115.97",
              "20.19.106.128",
              "20.19.106.130",
              "20.19.106.132",
              "20.19.106.137",
              "20.19.106.139",
              "20.19.106.143",
              "20.74.118.32",
              "20.74.27.96",
              "20.111.1.12"
            ],
            "possible_outbound_ip_addresses": "20.19.104.108,20.19.104.246,20.19.105.79,20.19.105.111,20.19.105.235,20.19.106.1,20.19.106.11,20.19.106.85,20.19.106.95,20.19.106.96,20.19.106.101,20.19.106.103,20.19.106.106,20.19.106.108,20.19.106.120,20.74.115.97,20.19.106.128,20.19.106.130,20.19.106.132,20.19.106.137,20.19.106.139,20.19.106.143,20.74.118.32,20.74.27.96,20.111.1.12",
            "resource_group_name": "tdupoiron-rg",
            "service_plan_id": "/subscriptions/fba177ac-fedf-4331-a9ac-c9b554d720cb/resourceGroups/tdupoiron-rg/providers/Microsoft.Web/serverfarms/tdupoiron-service-plan",
            "site_config": [
              {
                "always_on": true,
                "api_definition_url": "",
                "api_management_api_id": "",
                "app_command_line": "",
                "application_stack": [
                  {
                    "docker_image": "sonatype/nexus3",
                    "docker_image_tag": "latest",
                    "dotnet_version": "",
                    "go_version": "",
                    "java_server": "",
                    "java_server_version": "",
                    "java_version": "",
                    "node_version": "",
                    "php_version": "",
                    "python_version": "",
                    "ruby_version": ""
                  }
                ],
                "auto_heal_enabled": false,
                "auto_heal_setting": [],
                "container_registry_managed_identity_client_id": "",
                "container_registry_use_managed_identity": false,
                "cors": [],
                "default_documents": [
                  "Default.htm",
                  "Default.html",
                  "Default.asp",
                  "index.htm",
                  "index.html",
                  "iisstart.htm",
                  "default.aspx",
                  "index.php",
                  "hostingstart.html"
                ],
                "detailed_error_logging_enabled": false,
                "ftps_state": "Disabled",
                "health_check_eviction_time_in_min": 0,
                "health_check_path": "",
                "http2_enabled": false,
                "ip_restriction": [],
                "linux_fx_version": "DOCKER|sonatype/nexus3:latest",
                "load_balancing_mode": "LeastRequests",
                "local_mysql_enabled": false,
                "managed_pipeline_mode": "Integrated",
                "minimum_tls_version": "1.2",
                "remote_debugging_enabled": false,
                "remote_debugging_version": "VS2019",
                "scm_ip_restriction": [],
                "scm_minimum_tls_version": "1.2",
                "scm_type": "None",
                "scm_use_main_ip_restriction": false,
                "use_32_bit_worker": true,
                "vnet_route_all_enabled": false,
                "websockets_enabled": false,
                "worker_count": 1
              }
            ],
            "site_credential": [
              {
                "name": "$tdupoiron-nexus",
                "password": "jj0ZNthd54TkbTF2oh1yPX3oerle6hpKnu2WqfkkfglNc0RJP85LzmAoylg9"
              }
            ],
            "sticky_settings": [],
            "storage_account": [],
            "tags": null,
            "timeouts": null,
            "virtual_network_subnet_id": "",
            "zip_deploy_file": ""
          },
          "sensitive_attributes": [],
          "private": "eyJlMmJmYjczMC1lY2FhLTExZTYtOGY4OC0zNDM2M2JjN2M0YzAiOnsiY3JlYXRlIjoxODAwMDAwMDAwMDAwLCJkZWxldGUiOjE4MDAwMDAwMDAwMDAsInJlYWQiOjMwMDAwMDAwMDAwMCwidXBkYXRlIjoxODAwMDAwMDAwMDAwfX0=",
          "dependencies": [
            "azurerm_resource_group.rg",
            "azurerm_service_plan.sp"
          ]
        }
      ]
    },
    {
      "mode": "managed",
      "type": "azurerm_resource_group",
      "name": "rg",
      "provider": "provider[\"registry.terraform.io/hashicorp/azurerm\"]",
      "instances": [
        {
          "schema_version": 0,
          "attributes": {
            "id": "/subscriptions/fba177ac-fedf-4331-a9ac-c9b554d720cb/resourceGroups/tdupoiron-rg",
            "location": "francecentral",
            "name": "tdupoiron-rg",
            "tags": {
              "owner": "tdupoiron"
            },
            "timeouts": null
          },
          "sensitive_attributes": [],
          "private": "eyJlMmJmYjczMC1lY2FhLTExZTYtOGY4OC0zNDM2M2JjN2M0YzAiOnsiY3JlYXRlIjo1NDAwMDAwMDAwMDAwLCJkZWxldGUiOjU0MDAwMDAwMDAwMDAsInJlYWQiOjMwMDAwMDAwMDAwMCwidXBkYXRlIjo1NDAwMDAwMDAwMDAwfX0="
        }
      ]
    },
    {
      "mode": "managed",
      "type": "azurerm_service_plan",
      "name": "sp",
      "provider": "provider[\"registry.terraform.io/hashicorp/azurerm\"]",
      "instances": [
        {
          "schema_version": 0,
          "attributes": {
            "app_service_environment_id": "",
            "id": "/subscriptions/fba177ac-fedf-4331-a9ac-c9b554d720cb/resourceGroups/tdupoiron-rg/providers/Microsoft.Web/serverfarms/tdupoiron-service-plan",
            "kind": "linux",
            "location": "francecentral",
            "maximum_elastic_worker_count": 1,
            "name": "tdupoiron-service-plan",
            "os_type": "Linux",
            "per_site_scaling_enabled": false,
            "reserved": true,
            "resource_group_name": "tdupoiron-rg",
            "sku_name": "P1v2",
            "tags": {},
            "timeouts": null,
            "worker_count": 1,
            "zone_balancing_enabled": false
          },
          "sensitive_attributes": [],
          "private": "eyJlMmJmYjczMC1lY2FhLTExZTYtOGY4OC0zNDM2M2JjN2M0YzAiOnsiY3JlYXRlIjozNjAwMDAwMDAwMDAwLCJkZWxldGUiOjM2MDAwMDAwMDAwMDAsInJlYWQiOjMwMDAwMDAwMDAwMCwidXBkYXRlIjozNjAwMDAwMDAwMDAwfX0=",
          "dependencies": [
            "azurerm_resource_group.rg"
          ]
        }
      ]
    }
  ],
  "check_results": null
}
